
Microsoft Visual Studio Solution File, Format Version 12.00
# Visual Studio Version 17
VisualStudioVersion = 17.13.36105.23
MinimumVisualStudioVersion = 10.0.40219.1
Project("{8BC9CEB8-8B4A-11D0-8D11-00A0C91BC942}") = "Two Sum", "Data Structures & Algorithms\Data Structures & Algorithms.vcxproj", "{D969FC9E-62A3-414C-9641-D04929C38992}"
EndProject
Project("{8BC9CEB8-8B4A-11D0-8D11-00A0C91BC942}") = "Add Two Numbers", "Add Two Numbers\Add Two Numbers.vcxproj", "{B0800BD7-CDEA-4EAF-B1A0-EA391A422E05}"
EndProject
Project("{8BC9CEB8-8B4A-11D0-8D11-00A0C91BC942}") = "Replacing Numbers using Pointers", "Replacing Numbers using Pointers\Replacing Numbers using Pointers.vcxproj", "{67543785-CDC7-4A76-A503-EA42DDA08ADB}"
EndProject
Project("{8BC9CEB8-8B4A-11D0-8D11-00A0C91BC942}") = "Array Reverser using pointers", "Array Reverser using pointers\Array Reverser using pointers.vcxproj", "{4EE85289-31C6-437A-9278-C03CCA5AE1C3}"
EndProject
Project("{8BC9CEB8-8B4A-11D0-8D11-00A0C91BC942}") = "Two Sum Optimal", "Two Sum Optimal\Two Sum Optimal.vcxproj", "{94BD3F79-BC75-4FAB-97AD-C6BA00220D1F}"
EndProject
Project("{8BC9CEB8-8B4A-11D0-8D11-00A0C91BC942}") = "Longest Common Prefix (LC)", "Longest Common Prefix (LC)\Longest Common Prefix (LC).vcxproj", "{0EAB8B03-DE74-4EDB-8702-4DB2811B4E33}"
EndProject
Project("{8BC9CEB8-8B4A-11D0-8D11-00A0C91BC942}") = "Remove duplicates from sorted arrays (BF)", "Remove duplicates from sorted arrays\Remove duplicates from sorted arrays.vcxproj", "{E783FBC1-6C6F-4C12-90D2-8A429327499B}"
EndProject
Project("{8BC9CEB8-8B4A-11D0-8D11-00A0C91BC942}") = "Removing duplicates in a sorted array (O)", "Removing duplicates in a sorted array (O)\Removing duplicates in a sorted array (O).vcxproj", "{60111253-5F39-43EC-A315-E6119594D032}"
EndProject
Project("{8BC9CEB8-8B4A-11D0-8D11-00A0C91BC942}") = "Remove Element (O)", "Remove Element\Remove Element.vcxproj", "{C7907ADF-C9B6-4CE8-8EAE-0CA0473528D5}"
EndProject
Project("{8BC9CEB8-8B4A-11D0-8D11-00A0C91BC942}") = "Remove Element (BF)", "Remove Element (BF)\Remove Element (BF).vcxproj", "{4DEB8AFC-30E2-459B-A30F-A2AF59F157EF}"
EndProject
Project("{8BC9CEB8-8B4A-11D0-8D11-00A0C91BC942}") = "Search Insert Position (O)", "Search Insert Position\Search Insert Position.vcxproj", "{E4086966-B6F3-4586-ADDF-EE607AD6D10F}"
EndProject
Project("{8BC9CEB8-8B4A-11D0-8D11-00A0C91BC942}") = "Plus One", "Plus One\Plus One.vcxproj", "{D544DA93-4579-4FD4-A1A1-E31B962FF66D}"
EndProject
Project("{8BC9CEB8-8B4A-11D0-8D11-00A0C91BC942}") = "Jump Game", "Jump Game\Jump Game.vcxproj", "{DF10E3E9-D37C-4187-B1FF-1BF86979F23E}"
EndProject
Project("{8BC9CEB8-8B4A-11D0-8D11-00A0C91BC942}") = "Palindrome Number", "Palindrome Number\Palindrome Number.vcxproj", "{6BC7808F-9019-4F22-9432-952A91D2D5AA}"
EndProject
Global
	GlobalSection(SolutionConfigurationPlatforms) = preSolution
		Debug|x64 = Debug|x64
		Debug|x86 = Debug|x86
		Release|x64 = Release|x64
		Release|x86 = Release|x86
	EndGlobalSection
	GlobalSection(ProjectConfigurationPlatforms) = postSolution
		{D969FC9E-62A3-414C-9641-D04929C38992}.Debug|x64.ActiveCfg = Debug|x64
		{D969FC9E-62A3-414C-9641-D04929C38992}.Debug|x64.Build.0 = Debug|x64
		{D969FC9E-62A3-414C-9641-D04929C38992}.Debug|x86.ActiveCfg = Debug|Win32
		{D969FC9E-62A3-414C-9641-D04929C38992}.Debug|x86.Build.0 = Debug|Win32
		{D969FC9E-62A3-414C-9641-D04929C38992}.Release|x64.ActiveCfg = Release|x64
		{D969FC9E-62A3-414C-9641-D04929C38992}.Release|x64.Build.0 = Release|x64
		{D969FC9E-62A3-414C-9641-D04929C38992}.Release|x86.ActiveCfg = Release|Win32
		{D969FC9E-62A3-414C-9641-D04929C38992}.Release|x86.Build.0 = Release|Win32
		{B0800BD7-CDEA-4EAF-B1A0-EA391A422E05}.Debug|x64.ActiveCfg = Debug|x64
		{B0800BD7-CDEA-4EAF-B1A0-EA391A422E05}.Debug|x64.Build.0 = Debug|x64
		{B0800BD7-CDEA-4EAF-B1A0-EA391A422E05}.Debug|x86.ActiveCfg = Debug|Win32
		{B0800BD7-CDEA-4EAF-B1A0-EA391A422E05}.Debug|x86.Build.0 = Debug|Win32
		{B0800BD7-CDEA-4EAF-B1A0-EA391A422E05}.Release|x64.ActiveCfg = Release|x64
		{B0800BD7-CDEA-4EAF-B1A0-EA391A422E05}.Release|x64.Build.0 = Release|x64
		{B0800BD7-CDEA-4EAF-B1A0-EA391A422E05}.Release|x86.ActiveCfg = Release|Win32
		{B0800BD7-CDEA-4EAF-B1A0-EA391A422E05}.Release|x86.Build.0 = Release|Win32
		{67543785-CDC7-4A76-A503-EA42DDA08ADB}.Debug|x64.ActiveCfg = Debug|x64
		{67543785-CDC7-4A76-A503-EA42DDA08ADB}.Debug|x64.Build.0 = Debug|x64
		{67543785-CDC7-4A76-A503-EA42DDA08ADB}.Debug|x86.ActiveCfg = Debug|Win32
		{67543785-CDC7-4A76-A503-EA42DDA08ADB}.Debug|x86.Build.0 = Debug|Win32
		{67543785-CDC7-4A76-A503-EA42DDA08ADB}.Release|x64.ActiveCfg = Release|x64
		{67543785-CDC7-4A76-A503-EA42DDA08ADB}.Release|x64.Build.0 = Release|x64
		{67543785-CDC7-4A76-A503-EA42DDA08ADB}.Release|x86.ActiveCfg = Release|Win32
		{67543785-CDC7-4A76-A503-EA42DDA08ADB}.Release|x86.Build.0 = Release|Win32
		{4EE85289-31C6-437A-9278-C03CCA5AE1C3}.Debug|x64.ActiveCfg = Debug|x64
		{4EE85289-31C6-437A-9278-C03CCA5AE1C3}.Debug|x64.Build.0 = Debug|x64
		{4EE85289-31C6-437A-9278-C03CCA5AE1C3}.Debug|x86.ActiveCfg = Debug|Win32
		{4EE85289-31C6-437A-9278-C03CCA5AE1C3}.Debug|x86.Build.0 = Debug|Win32
		{4EE85289-31C6-437A-9278-C03CCA5AE1C3}.Release|x64.ActiveCfg = Release|x64
		{4EE85289-31C6-437A-9278-C03CCA5AE1C3}.Release|x64.Build.0 = Release|x64
		{4EE85289-31C6-437A-9278-C03CCA5AE1C3}.Release|x86.ActiveCfg = Release|Win32
		{4EE85289-31C6-437A-9278-C03CCA5AE1C3}.Release|x86.Build.0 = Release|Win32
		{94BD3F79-BC75-4FAB-97AD-C6BA00220D1F}.Debug|x64.ActiveCfg = Debug|x64
		{94BD3F79-BC75-4FAB-97AD-C6BA00220D1F}.Debug|x64.Build.0 = Debug|x64
		{94BD3F79-BC75-4FAB-97AD-C6BA00220D1F}.Debug|x86.ActiveCfg = Debug|Win32
		{94BD3F79-BC75-4FAB-97AD-C6BA00220D1F}.Debug|x86.Build.0 = Debug|Win32
		{94BD3F79-BC75-4FAB-97AD-C6BA00220D1F}.Release|x64.ActiveCfg = Release|x64
		{94BD3F79-BC75-4FAB-97AD-C6BA00220D1F}.Release|x64.Build.0 = Release|x64
		{94BD3F79-BC75-4FAB-97AD-C6BA00220D1F}.Release|x86.ActiveCfg = Release|Win32
		{94BD3F79-BC75-4FAB-97AD-C6BA00220D1F}.Release|x86.Build.0 = Release|Win32
		{0EAB8B03-DE74-4EDB-8702-4DB2811B4E33}.Debug|x64.ActiveCfg = Debug|x64
		{0EAB8B03-DE74-4EDB-8702-4DB2811B4E33}.Debug|x64.Build.0 = Debug|x64
		{0EAB8B03-DE74-4EDB-8702-4DB2811B4E33}.Debug|x86.ActiveCfg = Debug|Win32
		{0EAB8B03-DE74-4EDB-8702-4DB2811B4E33}.Debug|x86.Build.0 = Debug|Win32
		{0EAB8B03-DE74-4EDB-8702-4DB2811B4E33}.Release|x64.ActiveCfg = Release|x64
		{0EAB8B03-DE74-4EDB-8702-4DB2811B4E33}.Release|x64.Build.0 = Release|x64
		{0EAB8B03-DE74-4EDB-8702-4DB2811B4E33}.Release|x86.ActiveCfg = Release|Win32
		{0EAB8B03-DE74-4EDB-8702-4DB2811B4E33}.Release|x86.Build.0 = Release|Win32
		{E783FBC1-6C6F-4C12-90D2-8A429327499B}.Debug|x64.ActiveCfg = Debug|x64
		{E783FBC1-6C6F-4C12-90D2-8A429327499B}.Debug|x64.Build.0 = Debug|x64
		{E783FBC1-6C6F-4C12-90D2-8A429327499B}.Debug|x86.ActiveCfg = Debug|Win32
		{E783FBC1-6C6F-4C12-90D2-8A429327499B}.Debug|x86.Build.0 = Debug|Win32
		{E783FBC1-6C6F-4C12-90D2-8A429327499B}.Release|x64.ActiveCfg = Release|x64
		{E783FBC1-6C6F-4C12-90D2-8A429327499B}.Release|x64.Build.0 = Release|x64
		{E783FBC1-6C6F-4C12-90D2-8A429327499B}.Release|x86.ActiveCfg = Release|Win32
		{E783FBC1-6C6F-4C12-90D2-8A429327499B}.Release|x86.Build.0 = Release|Win32
		{60111253-5F39-43EC-A315-E6119594D032}.Debug|x64.ActiveCfg = Debug|x64
		{60111253-5F39-43EC-A315-E6119594D032}.Debug|x64.Build.0 = Debug|x64
		{60111253-5F39-43EC-A315-E6119594D032}.Debug|x86.ActiveCfg = Debug|Win32
		{60111253-5F39-43EC-A315-E6119594D032}.Debug|x86.Build.0 = Debug|Win32
		{60111253-5F39-43EC-A315-E6119594D032}.Release|x64.ActiveCfg = Release|x64
		{60111253-5F39-43EC-A315-E6119594D032}.Release|x64.Build.0 = Release|x64
		{60111253-5F39-43EC-A315-E6119594D032}.Release|x86.ActiveCfg = Release|Win32
		{60111253-5F39-43EC-A315-E6119594D032}.Release|x86.Build.0 = Release|Win32
		{C7907ADF-C9B6-4CE8-8EAE-0CA0473528D5}.Debug|x64.ActiveCfg = Debug|x64
		{C7907ADF-C9B6-4CE8-8EAE-0CA0473528D5}.Debug|x64.Build.0 = Debug|x64
		{C7907ADF-C9B6-4CE8-8EAE-0CA0473528D5}.Debug|x86.ActiveCfg = Debug|Win32
		{C7907ADF-C9B6-4CE8-8EAE-0CA0473528D5}.Debug|x86.Build.0 = Debug|Win32
		{C7907ADF-C9B6-4CE8-8EAE-0CA0473528D5}.Release|x64.ActiveCfg = Release|x64
		{C7907ADF-C9B6-4CE8-8EAE-0CA0473528D5}.Release|x64.Build.0 = Release|x64
		{C7907ADF-C9B6-4CE8-8EAE-0CA0473528D5}.Release|x86.ActiveCfg = Release|Win32
		{C7907ADF-C9B6-4CE8-8EAE-0CA0473528D5}.Release|x86.Build.0 = Release|Win32
		{4DEB8AFC-30E2-459B-A30F-A2AF59F157EF}.Debug|x64.ActiveCfg = Debug|x64
		{4DEB8AFC-30E2-459B-A30F-A2AF59F157EF}.Debug|x64.Build.0 = Debug|x64
		{4DEB8AFC-30E2-459B-A30F-A2AF59F157EF}.Debug|x86.ActiveCfg = Debug|Win32
		{4DEB8AFC-30E2-459B-A30F-A2AF59F157EF}.Debug|x86.Build.0 = Debug|Win32
		{4DEB8AFC-30E2-459B-A30F-A2AF59F157EF}.Release|x64.ActiveCfg = Release|x64
		{4DEB8AFC-30E2-459B-A30F-A2AF59F157EF}.Release|x64.Build.0 = Release|x64
		{4DEB8AFC-30E2-459B-A30F-A2AF59F157EF}.Release|x86.ActiveCfg = Release|Win32
		{4DEB8AFC-30E2-459B-A30F-A2AF59F157EF}.Release|x86.Build.0 = Release|Win32
		{E4086966-B6F3-4586-ADDF-EE607AD6D10F}.Debug|x64.ActiveCfg = Debug|x64
		{E4086966-B6F3-4586-ADDF-EE607AD6D10F}.Debug|x64.Build.0 = Debug|x64
		{E4086966-B6F3-4586-ADDF-EE607AD6D10F}.Debug|x86.ActiveCfg = Debug|Win32
		{E4086966-B6F3-4586-ADDF-EE607AD6D10F}.Debug|x86.Build.0 = Debug|Win32
		{E4086966-B6F3-4586-ADDF-EE607AD6D10F}.Release|x64.ActiveCfg = Release|x64
		{E4086966-B6F3-4586-ADDF-EE607AD6D10F}.Release|x64.Build.0 = Release|x64
		{E4086966-B6F3-4586-ADDF-EE607AD6D10F}.Release|x86.ActiveCfg = Release|Win32
		{E4086966-B6F3-4586-ADDF-EE607AD6D10F}.Release|x86.Build.0 = Release|Win32
		{D544DA93-4579-4FD4-A1A1-E31B962FF66D}.Debug|x64.ActiveCfg = Debug|x64
		{D544DA93-4579-4FD4-A1A1-E31B962FF66D}.Debug|x64.Build.0 = Debug|x64
		{D544DA93-4579-4FD4-A1A1-E31B962FF66D}.Debug|x86.ActiveCfg = Debug|Win32
		{D544DA93-4579-4FD4-A1A1-E31B962FF66D}.Debug|x86.Build.0 = Debug|Win32
		{D544DA93-4579-4FD4-A1A1-E31B962FF66D}.Release|x64.ActiveCfg = Release|x64
		{D544DA93-4579-4FD4-A1A1-E31B962FF66D}.Release|x64.Build.0 = Release|x64
		{D544DA93-4579-4FD4-A1A1-E31B962FF66D}.Release|x86.ActiveCfg = Release|Win32
		{D544DA93-4579-4FD4-A1A1-E31B962FF66D}.Release|x86.Build.0 = Release|Win32
		{DF10E3E9-D37C-4187-B1FF-1BF86979F23E}.Debug|x64.ActiveCfg = Debug|x64
		{DF10E3E9-D37C-4187-B1FF-1BF86979F23E}.Debug|x64.Build.0 = Debug|x64
		{DF10E3E9-D37C-4187-B1FF-1BF86979F23E}.Debug|x86.ActiveCfg = Debug|Win32
		{DF10E3E9-D37C-4187-B1FF-1BF86979F23E}.Debug|x86.Build.0 = Debug|Win32
		{DF10E3E9-D37C-4187-B1FF-1BF86979F23E}.Release|x64.ActiveCfg = Release|x64
		{DF10E3E9-D37C-4187-B1FF-1BF86979F23E}.Release|x64.Build.0 = Release|x64
		{DF10E3E9-D37C-4187-B1FF-1BF86979F23E}.Release|x86.ActiveCfg = Release|Win32
		{DF10E3E9-D37C-4187-B1FF-1BF86979F23E}.Release|x86.Build.0 = Release|Win32
		{6BC7808F-9019-4F22-9432-952A91D2D5AA}.Debug|x64.ActiveCfg = Debug|x64
		{6BC7808F-9019-4F22-9432-952A91D2D5AA}.Debug|x64.Build.0 = Debug|x64
		{6BC7808F-9019-4F22-9432-952A91D2D5AA}.Debug|x86.ActiveCfg = Debug|Win32
		{6BC7808F-9019-4F22-9432-952A91D2D5AA}.Debug|x86.Build.0 = Debug|Win32
		{6BC7808F-9019-4F22-9432-952A91D2D5AA}.Release|x64.ActiveCfg = Release|x64
		{6BC7808F-9019-4F22-9432-952A91D2D5AA}.Release|x64.Build.0 = Release|x64
		{6BC7808F-9019-4F22-9432-952A91D2D5AA}.Release|x86.ActiveCfg = Release|Win32
		{6BC7808F-9019-4F22-9432-952A91D2D5AA}.Release|x86.Build.0 = Release|Win32
	EndGlobalSection
	GlobalSection(SolutionProperties) = preSolution
		HideSolutionNode = FALSE
	EndGlobalSection
	GlobalSection(ExtensibilityGlobals) = postSolution
		SolutionGuid = {1DC013C5-FC2A-496A-BBEC-D98BE180A6F2}
	EndGlobalSection
EndGlobal
