
Microsoft Visual Studio Solution File, Format Version 12.00
# Visual Studio Version 17
VisualStudioVersion = 17.13.36105.23
MinimumVisualStudioVersion = 10.0.40219.1
Project("{8BC9CEB8-8B4A-11D0-8D11-00A0C91BC942}") = "Two Sum", "Data Structures & Algorithms\Data Structures & Algorithms.vcxproj", "{D969FC9E-62A3-414C-9641-D04929C38992}"
EndProject
Project("{8BC9CEB8-8B4A-11D0-8D11-00A0C91BC942}") = "Add Two Numbers", "Add Two Numbers\Add Two Numbers.vcxproj", "{B0800BD7-CDEA-4EAF-B1A0-EA391A422E05}"
EndProject
Project("{8BC9CEB8-8B4A-11D0-8D11-00A0C91BC942}") = "Replacing Numbers using Pointers", "Replacing Numbers using Pointers\Replacing Numbers using Pointers.vcxproj", "{67543785-CDC7-4A76-A503-EA42DDA08ADB}"
EndProject
Project("{8BC9CEB8-8B4A-11D0-8D11-00A0C91BC942}") = "Array Reverser using pointers", "Array Reverser using pointers\Array Reverser using pointers.vcxproj", "{4EE85289-31C6-437A-9278-C03CCA5AE1C3}"
EndProject
Project("{8BC9CEB8-8B4A-11D0-8D11-00A0C91BC942}") = "Two Sum Optimal", "Two Sum Optimal\Two Sum Optimal.vcxproj", "{94BD3F79-BC75-4FAB-97AD-C6BA00220D1F}"
EndProject
Project("{8BC9CEB8-8B4A-11D0-8D11-00A0C91BC942}") = "Longest Common Prefix (LC)", "Longest Common Prefix (LC)\Longest Common Prefix (LC).vcxproj", "{0EAB8B03-DE74-4EDB-8702-4DB2811B4E33}"
EndProject
Project("{8BC9CEB8-8B4A-11D0-8D11-00A0C91BC942}") = "Remove duplicates from sorted arrays (BF)", "Remove duplicates from sorted arrays\Remove duplicates from sorted arrays.vcxproj", "{E783FBC1-6C6F-4C12-90D2-8A429327499B}"
EndProject
Project("{8BC9CEB8-8B4A-11D0-8D11-00A0C91BC942}") = "Removing duplicates in a sorted array (O)", "Removing duplicates in a sorted array (O)\Removing duplicates in a sorted array (O).vcxproj", "{60111253-5F39-43EC-A315-E6119594D032}"
EndProject
Project("{8BC9CEB8-8B4A-11D0-8D11-00A0C91BC942}") = "Remove Element (O)", "Remove Element\Remove Element.vcxproj", "{C7907ADF-C9B6-4CE8-8EAE-0CA0473528D5}"
EndProject
Project("{8BC9CEB8-8B4A-11D0-8D11-00A0C91BC942}") = "Remove Element (BF)", "Remove Element (BF)\Remove Element (BF).vcxproj", "{4DEB8AFC-30E2-459B-A30F-A2AF59F157EF}"
EndProject
Project("{8BC9CEB8-8B4A-11D0-8D11-00A0C91BC942}") = "Search Insert Position (O)", "Search Insert Position\Search Insert Position.vcxproj", "{E4086966-B6F3-4586-ADDF-EE607AD6D10F}"
EndProject
Project("{8BC9CEB8-8B4A-11D0-8D11-00A0C91BC942}") = "Plus One", "Plus One\Plus One.vcxproj", "{D544DA93-4579-4FD4-A1A1-E31B962FF66D}"
EndProject
Project("{8BC9CEB8-8B4A-11D0-8D11-00A0C91BC942}") = "Jump Game", "Jump Game\Jump Game.vcxproj", "{DF10E3E9-D37C-4187-B1FF-1BF86979F23E}"
EndProject
Project("{8BC9CEB8-8B4A-11D0-8D11-00A0C91BC942}") = "Palindrome Number", "Palindrome Number\Palindrome Number.vcxproj", "{6BC7808F-9019-4F22-9432-952A91D2D5AA}"
EndProject
Project("{8BC9CEB8-8B4A-11D0-8D11-00A0C91BC942}") = "Roman to Integer", "Roman to Integer\Roman to Integer.vcxproj", "{CAAD9747-3A31-470B-94B8-FB78C9727A41}"
EndProject
Project("{8BC9CEB8-8B4A-11D0-8D11-00A0C91BC942}") = "Merge Sorted Array", "Merge Sorted Array\Merge Sorted Array.vcxproj", "{F0AB9A1D-F16E-4D87-93BB-FE43D5D13F4C}"
EndProject
Project("{8BC9CEB8-8B4A-11D0-8D11-00A0C91BC942}") = "Valid Parenthesis", "Valid Parenthesis\Valid Parenthesis.vcxproj", "{EC7943BE-1767-4D9A-8B8E-358A6C3A7DF8}"
EndProject
Project("{8BC9CEB8-8B4A-11D0-8D11-00A0C91BC942}") = "Pascals Triangle", "Pascals Triangle\Pascals Triangle.vcxproj", "{5233698A-87A8-4C25-BDF0-1A4C3C4EE97E}"
EndProject
Project("{8BC9CEB8-8B4A-11D0-8D11-00A0C91BC942}") = "Pascals Triangle II", "Pascals Triangle II\Pascals Triangle II.vcxproj", "{94898512-2A3F-43B4-8163-24E6E2D0863C}"
EndProject
Project("{8BC9CEB8-8B4A-11D0-8D11-00A0C91BC942}") = "Best time to buy and sell stock", "Best time to buy and sell stock\Best time to buy and sell stock.vcxproj", "{4ED0FA2A-8A49-4101-AA21-710C5727282E}"
EndProject
Project("{8BC9CEB8-8B4A-11D0-8D11-00A0C91BC942}") = "Single Number (BF)", "Single Number\Single Number.vcxproj", "{97FCD273-9BA2-4877-A10D-6E588262CDB8}"
EndProject
Project("{8BC9CEB8-8B4A-11D0-8D11-00A0C91BC942}") = "Single Number (O)", "Single Number (O)\Single Number (O).vcxproj", "{11F82F4C-0C52-4061-BD96-3591D57AB919}"
EndProject
Project("{8BC9CEB8-8B4A-11D0-8D11-00A0C91BC942}") = "Majority Element", "Majority Element\Majority Element.vcxproj", "{BB5F7E57-6611-46E5-A1AF-977D9ABE3787}"
EndProject
Project("{8BC9CEB8-8B4A-11D0-8D11-00A0C91BC942}") = "Contains Duplicates (BF)", "Contains Duplicates\Contains Duplicates.vcxproj", "{4B08FA71-6129-4383-BEAD-AE659AC7B608}"
EndProject
Project("{8BC9CEB8-8B4A-11D0-8D11-00A0C91BC942}") = "Contains Duplicate (OP)", "Contains Duplicate\Contains Duplicate.vcxproj", "{60C243E1-578C-4663-9B01-7DE451F16D62}"
EndProject
Project("{8BC9CEB8-8B4A-11D0-8D11-00A0C91BC942}") = "Container with the most water(O)", "Container with the most water\Container with the most water.vcxproj", "{20EF1CB0-A8D8-483E-A2D7-0776826D1735}"
EndProject
Project("{8BC9CEB8-8B4A-11D0-8D11-00A0C91BC942}") = "Container with the most water (BF)", "Container with the most water (BF)\Container with the most water (BF).vcxproj", "{9C183A39-ED98-47F5-8911-167FF1B3DA2E}"
EndProject
Project("{8BC9CEB8-8B4A-11D0-8D11-00A0C91BC942}") = "Three sum", "Three sum\Three sum.vcxproj", "{CD399DF1-1A53-4F87-835F-4478D5E938C2}"
EndProject
Project("{8BC9CEB8-8B4A-11D0-8D11-00A0C91BC942}") = "Three Sum Closest", "Three Sum Closest\Three Sum Closest.vcxproj", "{7C5BB05F-D6BC-45A5-AB18-483BA7B38AB9}"
EndProject
Project("{8BC9CEB8-8B4A-11D0-8D11-00A0C91BC942}") = "Group Anagrams", "Group Anagrams\Group Anagrams.vcxproj", "{F29DE024-8CE4-4400-A8B1-73EE82C8A170}"
EndProject
Project("{8BC9CEB8-8B4A-11D0-8D11-00A0C91BC942}") = "Group Anagrams v.2", "Group Anagrams v.2\Group Anagrams v.2.vcxproj", "{0A60B1F1-D463-4177-80E2-627483F2EB2C}"
EndProject
Project("{8BC9CEB8-8B4A-11D0-8D11-00A0C91BC942}") = "Top k elements (BF)", "Top k elements (BF)\Top k elements (BF).vcxproj", "{9B6B8B32-EFB0-46F6-B373-EFD48F3B8D74}"
EndProject
Project("{8BC9CEB8-8B4A-11D0-8D11-00A0C91BC942}") = "Top k Elements v.2", "Top k Elements v.2\Top k Elements v.2.vcxproj", "{197B3452-34B6-4340-ADEE-357E3C55F1D9}"
EndProject
Project("{8BC9CEB8-8B4A-11D0-8D11-00A0C91BC942}") = "Top k elements (O)", "Top k elements (O)\Top k elements (O).vcxproj", "{A0707B93-07AF-4461-AD6A-7F78937D3110}"
EndProject
Project("{8BC9CEB8-8B4A-11D0-8D11-00A0C91BC942}") = "Product of array except self", "Product of array except self\Product of array except self.vcxproj", "{26762C07-3C42-49EA-82EC-178D21A1D318}"
EndProject
Project("{8BC9CEB8-8B4A-11D0-8D11-00A0C91BC942}") = "Product of array except self (O)", "Product of array except self (O)\Product of array except self (O).vcxproj", "{51CBB22A-071E-45F4-AF1C-4766C9F76EAE}"
EndProject
Project("{8BC9CEB8-8B4A-11D0-8D11-00A0C91BC942}") = "First occurence in a string", "First occurence in a string\First occurence in a string.vcxproj", "{71B1F190-BAEE-49BF-85FC-EEF18FB3F562}"
EndProject
Project("{8BC9CEB8-8B4A-11D0-8D11-00A0C91BC942}") = "Length of last string", "Length of last string\Length of last string.vcxproj", "{A6513492-6A3A-4756-9484-264433333C89}"
EndProject
Project("{8BC9CEB8-8B4A-11D0-8D11-00A0C91BC942}") = "Add Binary", "Add Binary\Add Binary.vcxproj", "{5650E843-8777-4EED-8CEA-17CEC34CC0DD}"
EndProject
Project("{8BC9CEB8-8B4A-11D0-8D11-00A0C91BC942}") = "sqrt(x)", "sqrt(x)\sqrt(x).vcxproj", "{8CB8B97C-2F49-47E4-AB1F-EB841F23C95C}"
EndProject
Project("{8BC9CEB8-8B4A-11D0-8D11-00A0C91BC942}") = "Climbing Stairs", "Climbing Stairs\Climbing Stairs.vcxproj", "{FF0F6ABE-A303-490A-AFF1-77E84DF2D401}"
EndProject
Project("{8BC9CEB8-8B4A-11D0-8D11-00A0C91BC942}") = "Valid Sudoku", "Valid Sudoku\Valid Sudoku.vcxproj", "{171167A6-0277-4A59-9FDE-2A0BE6B980B7}"
EndProject
Global
	GlobalSection(SolutionConfigurationPlatforms) = preSolution
		Debug|x64 = Debug|x64
		Debug|x86 = Debug|x86
		Release|x64 = Release|x64
		Release|x86 = Release|x86
	EndGlobalSection
	GlobalSection(ProjectConfigurationPlatforms) = postSolution
		{D969FC9E-62A3-414C-9641-D04929C38992}.Debug|x64.ActiveCfg = Debug|x64
		{D969FC9E-62A3-414C-9641-D04929C38992}.Debug|x64.Build.0 = Debug|x64
		{D969FC9E-62A3-414C-9641-D04929C38992}.Debug|x86.ActiveCfg = Debug|Win32
		{D969FC9E-62A3-414C-9641-D04929C38992}.Debug|x86.Build.0 = Debug|Win32
		{D969FC9E-62A3-414C-9641-D04929C38992}.Release|x64.ActiveCfg = Release|x64
		{D969FC9E-62A3-414C-9641-D04929C38992}.Release|x64.Build.0 = Release|x64
		{D969FC9E-62A3-414C-9641-D04929C38992}.Release|x86.ActiveCfg = Release|Win32
		{D969FC9E-62A3-414C-9641-D04929C38992}.Release|x86.Build.0 = Release|Win32
		{B0800BD7-CDEA-4EAF-B1A0-EA391A422E05}.Debug|x64.ActiveCfg = Debug|x64
		{B0800BD7-CDEA-4EAF-B1A0-EA391A422E05}.Debug|x64.Build.0 = Debug|x64
		{B0800BD7-CDEA-4EAF-B1A0-EA391A422E05}.Debug|x86.ActiveCfg = Debug|Win32
		{B0800BD7-CDEA-4EAF-B1A0-EA391A422E05}.Debug|x86.Build.0 = Debug|Win32
		{B0800BD7-CDEA-4EAF-B1A0-EA391A422E05}.Release|x64.ActiveCfg = Release|x64
		{B0800BD7-CDEA-4EAF-B1A0-EA391A422E05}.Release|x64.Build.0 = Release|x64
		{B0800BD7-CDEA-4EAF-B1A0-EA391A422E05}.Release|x86.ActiveCfg = Release|Win32
		{B0800BD7-CDEA-4EAF-B1A0-EA391A422E05}.Release|x86.Build.0 = Release|Win32
		{67543785-CDC7-4A76-A503-EA42DDA08ADB}.Debug|x64.ActiveCfg = Debug|x64
		{67543785-CDC7-4A76-A503-EA42DDA08ADB}.Debug|x64.Build.0 = Debug|x64
		{67543785-CDC7-4A76-A503-EA42DDA08ADB}.Debug|x86.ActiveCfg = Debug|Win32
		{67543785-CDC7-4A76-A503-EA42DDA08ADB}.Debug|x86.Build.0 = Debug|Win32
		{67543785-CDC7-4A76-A503-EA42DDA08ADB}.Release|x64.ActiveCfg = Release|x64
		{67543785-CDC7-4A76-A503-EA42DDA08ADB}.Release|x64.Build.0 = Release|x64
		{67543785-CDC7-4A76-A503-EA42DDA08ADB}.Release|x86.ActiveCfg = Release|Win32
		{67543785-CDC7-4A76-A503-EA42DDA08ADB}.Release|x86.Build.0 = Release|Win32
		{4EE85289-31C6-437A-9278-C03CCA5AE1C3}.Debug|x64.ActiveCfg = Debug|x64
		{4EE85289-31C6-437A-9278-C03CCA5AE1C3}.Debug|x64.Build.0 = Debug|x64
		{4EE85289-31C6-437A-9278-C03CCA5AE1C3}.Debug|x86.ActiveCfg = Debug|Win32
		{4EE85289-31C6-437A-9278-C03CCA5AE1C3}.Debug|x86.Build.0 = Debug|Win32
		{4EE85289-31C6-437A-9278-C03CCA5AE1C3}.Release|x64.ActiveCfg = Release|x64
		{4EE85289-31C6-437A-9278-C03CCA5AE1C3}.Release|x64.Build.0 = Release|x64
		{4EE85289-31C6-437A-9278-C03CCA5AE1C3}.Release|x86.ActiveCfg = Release|Win32
		{4EE85289-31C6-437A-9278-C03CCA5AE1C3}.Release|x86.Build.0 = Release|Win32
		{94BD3F79-BC75-4FAB-97AD-C6BA00220D1F}.Debug|x64.ActiveCfg = Debug|x64
		{94BD3F79-BC75-4FAB-97AD-C6BA00220D1F}.Debug|x64.Build.0 = Debug|x64
		{94BD3F79-BC75-4FAB-97AD-C6BA00220D1F}.Debug|x86.ActiveCfg = Debug|Win32
		{94BD3F79-BC75-4FAB-97AD-C6BA00220D1F}.Debug|x86.Build.0 = Debug|Win32
		{94BD3F79-BC75-4FAB-97AD-C6BA00220D1F}.Release|x64.ActiveCfg = Release|x64
		{94BD3F79-BC75-4FAB-97AD-C6BA00220D1F}.Release|x64.Build.0 = Release|x64
		{94BD3F79-BC75-4FAB-97AD-C6BA00220D1F}.Release|x86.ActiveCfg = Release|Win32
		{94BD3F79-BC75-4FAB-97AD-C6BA00220D1F}.Release|x86.Build.0 = Release|Win32
		{0EAB8B03-DE74-4EDB-8702-4DB2811B4E33}.Debug|x64.ActiveCfg = Debug|x64
		{0EAB8B03-DE74-4EDB-8702-4DB2811B4E33}.Debug|x64.Build.0 = Debug|x64
		{0EAB8B03-DE74-4EDB-8702-4DB2811B4E33}.Debug|x86.ActiveCfg = Debug|Win32
		{0EAB8B03-DE74-4EDB-8702-4DB2811B4E33}.Debug|x86.Build.0 = Debug|Win32
		{0EAB8B03-DE74-4EDB-8702-4DB2811B4E33}.Release|x64.ActiveCfg = Release|x64
		{0EAB8B03-DE74-4EDB-8702-4DB2811B4E33}.Release|x64.Build.0 = Release|x64
		{0EAB8B03-DE74-4EDB-8702-4DB2811B4E33}.Release|x86.ActiveCfg = Release|Win32
		{0EAB8B03-DE74-4EDB-8702-4DB2811B4E33}.Release|x86.Build.0 = Release|Win32
		{E783FBC1-6C6F-4C12-90D2-8A429327499B}.Debug|x64.ActiveCfg = Debug|x64
		{E783FBC1-6C6F-4C12-90D2-8A429327499B}.Debug|x64.Build.0 = Debug|x64
		{E783FBC1-6C6F-4C12-90D2-8A429327499B}.Debug|x86.ActiveCfg = Debug|Win32
		{E783FBC1-6C6F-4C12-90D2-8A429327499B}.Debug|x86.Build.0 = Debug|Win32
		{E783FBC1-6C6F-4C12-90D2-8A429327499B}.Release|x64.ActiveCfg = Release|x64
		{E783FBC1-6C6F-4C12-90D2-8A429327499B}.Release|x64.Build.0 = Release|x64
		{E783FBC1-6C6F-4C12-90D2-8A429327499B}.Release|x86.ActiveCfg = Release|Win32
		{E783FBC1-6C6F-4C12-90D2-8A429327499B}.Release|x86.Build.0 = Release|Win32
		{60111253-5F39-43EC-A315-E6119594D032}.Debug|x64.ActiveCfg = Debug|x64
		{60111253-5F39-43EC-A315-E6119594D032}.Debug|x64.Build.0 = Debug|x64
		{60111253-5F39-43EC-A315-E6119594D032}.Debug|x86.ActiveCfg = Debug|Win32
		{60111253-5F39-43EC-A315-E6119594D032}.Debug|x86.Build.0 = Debug|Win32
		{60111253-5F39-43EC-A315-E6119594D032}.Release|x64.ActiveCfg = Release|x64
		{60111253-5F39-43EC-A315-E6119594D032}.Release|x64.Build.0 = Release|x64
		{60111253-5F39-43EC-A315-E6119594D032}.Release|x86.ActiveCfg = Release|Win32
		{60111253-5F39-43EC-A315-E6119594D032}.Release|x86.Build.0 = Release|Win32
		{C7907ADF-C9B6-4CE8-8EAE-0CA0473528D5}.Debug|x64.ActiveCfg = Debug|x64
		{C7907ADF-C9B6-4CE8-8EAE-0CA0473528D5}.Debug|x64.Build.0 = Debug|x64
		{C7907ADF-C9B6-4CE8-8EAE-0CA0473528D5}.Debug|x86.ActiveCfg = Debug|Win32
		{C7907ADF-C9B6-4CE8-8EAE-0CA0473528D5}.Debug|x86.Build.0 = Debug|Win32
		{C7907ADF-C9B6-4CE8-8EAE-0CA0473528D5}.Release|x64.ActiveCfg = Release|x64
		{C7907ADF-C9B6-4CE8-8EAE-0CA0473528D5}.Release|x64.Build.0 = Release|x64
		{C7907ADF-C9B6-4CE8-8EAE-0CA0473528D5}.Release|x86.ActiveCfg = Release|Win32
		{C7907ADF-C9B6-4CE8-8EAE-0CA0473528D5}.Release|x86.Build.0 = Release|Win32
		{4DEB8AFC-30E2-459B-A30F-A2AF59F157EF}.Debug|x64.ActiveCfg = Debug|x64
		{4DEB8AFC-30E2-459B-A30F-A2AF59F157EF}.Debug|x64.Build.0 = Debug|x64
		{4DEB8AFC-30E2-459B-A30F-A2AF59F157EF}.Debug|x86.ActiveCfg = Debug|Win32
		{4DEB8AFC-30E2-459B-A30F-A2AF59F157EF}.Debug|x86.Build.0 = Debug|Win32
		{4DEB8AFC-30E2-459B-A30F-A2AF59F157EF}.Release|x64.ActiveCfg = Release|x64
		{4DEB8AFC-30E2-459B-A30F-A2AF59F157EF}.Release|x64.Build.0 = Release|x64
		{4DEB8AFC-30E2-459B-A30F-A2AF59F157EF}.Release|x86.ActiveCfg = Release|Win32
		{4DEB8AFC-30E2-459B-A30F-A2AF59F157EF}.Release|x86.Build.0 = Release|Win32
		{E4086966-B6F3-4586-ADDF-EE607AD6D10F}.Debug|x64.ActiveCfg = Debug|x64
		{E4086966-B6F3-4586-ADDF-EE607AD6D10F}.Debug|x64.Build.0 = Debug|x64
		{E4086966-B6F3-4586-ADDF-EE607AD6D10F}.Debug|x86.ActiveCfg = Debug|Win32
		{E4086966-B6F3-4586-ADDF-EE607AD6D10F}.Debug|x86.Build.0 = Debug|Win32
		{E4086966-B6F3-4586-ADDF-EE607AD6D10F}.Release|x64.ActiveCfg = Release|x64
		{E4086966-B6F3-4586-ADDF-EE607AD6D10F}.Release|x64.Build.0 = Release|x64
		{E4086966-B6F3-4586-ADDF-EE607AD6D10F}.Release|x86.ActiveCfg = Release|Win32
		{E4086966-B6F3-4586-ADDF-EE607AD6D10F}.Release|x86.Build.0 = Release|Win32
		{D544DA93-4579-4FD4-A1A1-E31B962FF66D}.Debug|x64.ActiveCfg = Debug|x64
		{D544DA93-4579-4FD4-A1A1-E31B962FF66D}.Debug|x64.Build.0 = Debug|x64
		{D544DA93-4579-4FD4-A1A1-E31B962FF66D}.Debug|x86.ActiveCfg = Debug|Win32
		{D544DA93-4579-4FD4-A1A1-E31B962FF66D}.Debug|x86.Build.0 = Debug|Win32
		{D544DA93-4579-4FD4-A1A1-E31B962FF66D}.Release|x64.ActiveCfg = Release|x64
		{D544DA93-4579-4FD4-A1A1-E31B962FF66D}.Release|x64.Build.0 = Release|x64
		{D544DA93-4579-4FD4-A1A1-E31B962FF66D}.Release|x86.ActiveCfg = Release|Win32
		{D544DA93-4579-4FD4-A1A1-E31B962FF66D}.Release|x86.Build.0 = Release|Win32
		{DF10E3E9-D37C-4187-B1FF-1BF86979F23E}.Debug|x64.ActiveCfg = Debug|x64
		{DF10E3E9-D37C-4187-B1FF-1BF86979F23E}.Debug|x64.Build.0 = Debug|x64
		{DF10E3E9-D37C-4187-B1FF-1BF86979F23E}.Debug|x86.ActiveCfg = Debug|Win32
		{DF10E3E9-D37C-4187-B1FF-1BF86979F23E}.Debug|x86.Build.0 = Debug|Win32
		{DF10E3E9-D37C-4187-B1FF-1BF86979F23E}.Release|x64.ActiveCfg = Release|x64
		{DF10E3E9-D37C-4187-B1FF-1BF86979F23E}.Release|x64.Build.0 = Release|x64
		{DF10E3E9-D37C-4187-B1FF-1BF86979F23E}.Release|x86.ActiveCfg = Release|Win32
		{DF10E3E9-D37C-4187-B1FF-1BF86979F23E}.Release|x86.Build.0 = Release|Win32
		{6BC7808F-9019-4F22-9432-952A91D2D5AA}.Debug|x64.ActiveCfg = Debug|x64
		{6BC7808F-9019-4F22-9432-952A91D2D5AA}.Debug|x64.Build.0 = Debug|x64
		{6BC7808F-9019-4F22-9432-952A91D2D5AA}.Debug|x86.ActiveCfg = Debug|Win32
		{6BC7808F-9019-4F22-9432-952A91D2D5AA}.Debug|x86.Build.0 = Debug|Win32
		{6BC7808F-9019-4F22-9432-952A91D2D5AA}.Release|x64.ActiveCfg = Release|x64
		{6BC7808F-9019-4F22-9432-952A91D2D5AA}.Release|x64.Build.0 = Release|x64
		{6BC7808F-9019-4F22-9432-952A91D2D5AA}.Release|x86.ActiveCfg = Release|Win32
		{6BC7808F-9019-4F22-9432-952A91D2D5AA}.Release|x86.Build.0 = Release|Win32
		{CAAD9747-3A31-470B-94B8-FB78C9727A41}.Debug|x64.ActiveCfg = Debug|x64
		{CAAD9747-3A31-470B-94B8-FB78C9727A41}.Debug|x64.Build.0 = Debug|x64
		{CAAD9747-3A31-470B-94B8-FB78C9727A41}.Debug|x86.ActiveCfg = Debug|Win32
		{CAAD9747-3A31-470B-94B8-FB78C9727A41}.Debug|x86.Build.0 = Debug|Win32
		{CAAD9747-3A31-470B-94B8-FB78C9727A41}.Release|x64.ActiveCfg = Release|x64
		{CAAD9747-3A31-470B-94B8-FB78C9727A41}.Release|x64.Build.0 = Release|x64
		{CAAD9747-3A31-470B-94B8-FB78C9727A41}.Release|x86.ActiveCfg = Release|Win32
		{CAAD9747-3A31-470B-94B8-FB78C9727A41}.Release|x86.Build.0 = Release|Win32
		{F0AB9A1D-F16E-4D87-93BB-FE43D5D13F4C}.Debug|x64.ActiveCfg = Debug|x64
		{F0AB9A1D-F16E-4D87-93BB-FE43D5D13F4C}.Debug|x64.Build.0 = Debug|x64
		{F0AB9A1D-F16E-4D87-93BB-FE43D5D13F4C}.Debug|x86.ActiveCfg = Debug|Win32
		{F0AB9A1D-F16E-4D87-93BB-FE43D5D13F4C}.Debug|x86.Build.0 = Debug|Win32
		{F0AB9A1D-F16E-4D87-93BB-FE43D5D13F4C}.Release|x64.ActiveCfg = Release|x64
		{F0AB9A1D-F16E-4D87-93BB-FE43D5D13F4C}.Release|x64.Build.0 = Release|x64
		{F0AB9A1D-F16E-4D87-93BB-FE43D5D13F4C}.Release|x86.ActiveCfg = Release|Win32
		{F0AB9A1D-F16E-4D87-93BB-FE43D5D13F4C}.Release|x86.Build.0 = Release|Win32
		{EC7943BE-1767-4D9A-8B8E-358A6C3A7DF8}.Debug|x64.ActiveCfg = Debug|x64
		{EC7943BE-1767-4D9A-8B8E-358A6C3A7DF8}.Debug|x64.Build.0 = Debug|x64
		{EC7943BE-1767-4D9A-8B8E-358A6C3A7DF8}.Debug|x86.ActiveCfg = Debug|Win32
		{EC7943BE-1767-4D9A-8B8E-358A6C3A7DF8}.Debug|x86.Build.0 = Debug|Win32
		{EC7943BE-1767-4D9A-8B8E-358A6C3A7DF8}.Release|x64.ActiveCfg = Release|x64
		{EC7943BE-1767-4D9A-8B8E-358A6C3A7DF8}.Release|x64.Build.0 = Release|x64
		{EC7943BE-1767-4D9A-8B8E-358A6C3A7DF8}.Release|x86.ActiveCfg = Release|Win32
		{EC7943BE-1767-4D9A-8B8E-358A6C3A7DF8}.Release|x86.Build.0 = Release|Win32
		{5233698A-87A8-4C25-BDF0-1A4C3C4EE97E}.Debug|x64.ActiveCfg = Debug|x64
		{5233698A-87A8-4C25-BDF0-1A4C3C4EE97E}.Debug|x64.Build.0 = Debug|x64
		{5233698A-87A8-4C25-BDF0-1A4C3C4EE97E}.Debug|x86.ActiveCfg = Debug|Win32
		{5233698A-87A8-4C25-BDF0-1A4C3C4EE97E}.Debug|x86.Build.0 = Debug|Win32
		{5233698A-87A8-4C25-BDF0-1A4C3C4EE97E}.Release|x64.ActiveCfg = Release|x64
		{5233698A-87A8-4C25-BDF0-1A4C3C4EE97E}.Release|x64.Build.0 = Release|x64
		{5233698A-87A8-4C25-BDF0-1A4C3C4EE97E}.Release|x86.ActiveCfg = Release|Win32
		{5233698A-87A8-4C25-BDF0-1A4C3C4EE97E}.Release|x86.Build.0 = Release|Win32
		{94898512-2A3F-43B4-8163-24E6E2D0863C}.Debug|x64.ActiveCfg = Debug|x64
		{94898512-2A3F-43B4-8163-24E6E2D0863C}.Debug|x64.Build.0 = Debug|x64
		{94898512-2A3F-43B4-8163-24E6E2D0863C}.Debug|x86.ActiveCfg = Debug|Win32
		{94898512-2A3F-43B4-8163-24E6E2D0863C}.Debug|x86.Build.0 = Debug|Win32
		{94898512-2A3F-43B4-8163-24E6E2D0863C}.Release|x64.ActiveCfg = Release|x64
		{94898512-2A3F-43B4-8163-24E6E2D0863C}.Release|x64.Build.0 = Release|x64
		{94898512-2A3F-43B4-8163-24E6E2D0863C}.Release|x86.ActiveCfg = Release|Win32
		{94898512-2A3F-43B4-8163-24E6E2D0863C}.Release|x86.Build.0 = Release|Win32
		{4ED0FA2A-8A49-4101-AA21-710C5727282E}.Debug|x64.ActiveCfg = Debug|x64
		{4ED0FA2A-8A49-4101-AA21-710C5727282E}.Debug|x64.Build.0 = Debug|x64
		{4ED0FA2A-8A49-4101-AA21-710C5727282E}.Debug|x86.ActiveCfg = Debug|Win32
		{4ED0FA2A-8A49-4101-AA21-710C5727282E}.Debug|x86.Build.0 = Debug|Win32
		{4ED0FA2A-8A49-4101-AA21-710C5727282E}.Release|x64.ActiveCfg = Release|x64
		{4ED0FA2A-8A49-4101-AA21-710C5727282E}.Release|x64.Build.0 = Release|x64
		{4ED0FA2A-8A49-4101-AA21-710C5727282E}.Release|x86.ActiveCfg = Release|Win32
		{4ED0FA2A-8A49-4101-AA21-710C5727282E}.Release|x86.Build.0 = Release|Win32
		{97FCD273-9BA2-4877-A10D-6E588262CDB8}.Debug|x64.ActiveCfg = Debug|x64
		{97FCD273-9BA2-4877-A10D-6E588262CDB8}.Debug|x64.Build.0 = Debug|x64
		{97FCD273-9BA2-4877-A10D-6E588262CDB8}.Debug|x86.ActiveCfg = Debug|Win32
		{97FCD273-9BA2-4877-A10D-6E588262CDB8}.Debug|x86.Build.0 = Debug|Win32
		{97FCD273-9BA2-4877-A10D-6E588262CDB8}.Release|x64.ActiveCfg = Release|x64
		{97FCD273-9BA2-4877-A10D-6E588262CDB8}.Release|x64.Build.0 = Release|x64
		{97FCD273-9BA2-4877-A10D-6E588262CDB8}.Release|x86.ActiveCfg = Release|Win32
		{97FCD273-9BA2-4877-A10D-6E588262CDB8}.Release|x86.Build.0 = Release|Win32
		{11F82F4C-0C52-4061-BD96-3591D57AB919}.Debug|x64.ActiveCfg = Debug|x64
		{11F82F4C-0C52-4061-BD96-3591D57AB919}.Debug|x64.Build.0 = Debug|x64
		{11F82F4C-0C52-4061-BD96-3591D57AB919}.Debug|x86.ActiveCfg = Debug|Win32
		{11F82F4C-0C52-4061-BD96-3591D57AB919}.Debug|x86.Build.0 = Debug|Win32
		{11F82F4C-0C52-4061-BD96-3591D57AB919}.Release|x64.ActiveCfg = Release|x64
		{11F82F4C-0C52-4061-BD96-3591D57AB919}.Release|x64.Build.0 = Release|x64
		{11F82F4C-0C52-4061-BD96-3591D57AB919}.Release|x86.ActiveCfg = Release|Win32
		{11F82F4C-0C52-4061-BD96-3591D57AB919}.Release|x86.Build.0 = Release|Win32
		{BB5F7E57-6611-46E5-A1AF-977D9ABE3787}.Debug|x64.ActiveCfg = Debug|x64
		{BB5F7E57-6611-46E5-A1AF-977D9ABE3787}.Debug|x64.Build.0 = Debug|x64
		{BB5F7E57-6611-46E5-A1AF-977D9ABE3787}.Debug|x86.ActiveCfg = Debug|Win32
		{BB5F7E57-6611-46E5-A1AF-977D9ABE3787}.Debug|x86.Build.0 = Debug|Win32
		{BB5F7E57-6611-46E5-A1AF-977D9ABE3787}.Release|x64.ActiveCfg = Release|x64
		{BB5F7E57-6611-46E5-A1AF-977D9ABE3787}.Release|x64.Build.0 = Release|x64
		{BB5F7E57-6611-46E5-A1AF-977D9ABE3787}.Release|x86.ActiveCfg = Release|Win32
		{BB5F7E57-6611-46E5-A1AF-977D9ABE3787}.Release|x86.Build.0 = Release|Win32
		{4B08FA71-6129-4383-BEAD-AE659AC7B608}.Debug|x64.ActiveCfg = Debug|x64
		{4B08FA71-6129-4383-BEAD-AE659AC7B608}.Debug|x64.Build.0 = Debug|x64
		{4B08FA71-6129-4383-BEAD-AE659AC7B608}.Debug|x86.ActiveCfg = Debug|Win32
		{4B08FA71-6129-4383-BEAD-AE659AC7B608}.Debug|x86.Build.0 = Debug|Win32
		{4B08FA71-6129-4383-BEAD-AE659AC7B608}.Release|x64.ActiveCfg = Release|x64
		{4B08FA71-6129-4383-BEAD-AE659AC7B608}.Release|x64.Build.0 = Release|x64
		{4B08FA71-6129-4383-BEAD-AE659AC7B608}.Release|x86.ActiveCfg = Release|Win32
		{4B08FA71-6129-4383-BEAD-AE659AC7B608}.Release|x86.Build.0 = Release|Win32
		{60C243E1-578C-4663-9B01-7DE451F16D62}.Debug|x64.ActiveCfg = Debug|x64
		{60C243E1-578C-4663-9B01-7DE451F16D62}.Debug|x64.Build.0 = Debug|x64
		{60C243E1-578C-4663-9B01-7DE451F16D62}.Debug|x86.ActiveCfg = Debug|Win32
		{60C243E1-578C-4663-9B01-7DE451F16D62}.Debug|x86.Build.0 = Debug|Win32
		{60C243E1-578C-4663-9B01-7DE451F16D62}.Release|x64.ActiveCfg = Release|x64
		{60C243E1-578C-4663-9B01-7DE451F16D62}.Release|x64.Build.0 = Release|x64
		{60C243E1-578C-4663-9B01-7DE451F16D62}.Release|x86.ActiveCfg = Release|Win32
		{60C243E1-578C-4663-9B01-7DE451F16D62}.Release|x86.Build.0 = Release|Win32
		{20EF1CB0-A8D8-483E-A2D7-0776826D1735}.Debug|x64.ActiveCfg = Debug|x64
		{20EF1CB0-A8D8-483E-A2D7-0776826D1735}.Debug|x64.Build.0 = Debug|x64
		{20EF1CB0-A8D8-483E-A2D7-0776826D1735}.Debug|x86.ActiveCfg = Debug|Win32
		{20EF1CB0-A8D8-483E-A2D7-0776826D1735}.Debug|x86.Build.0 = Debug|Win32
		{20EF1CB0-A8D8-483E-A2D7-0776826D1735}.Release|x64.ActiveCfg = Release|x64
		{20EF1CB0-A8D8-483E-A2D7-0776826D1735}.Release|x64.Build.0 = Release|x64
		{20EF1CB0-A8D8-483E-A2D7-0776826D1735}.Release|x86.ActiveCfg = Release|Win32
		{20EF1CB0-A8D8-483E-A2D7-0776826D1735}.Release|x86.Build.0 = Release|Win32
		{9C183A39-ED98-47F5-8911-167FF1B3DA2E}.Debug|x64.ActiveCfg = Debug|x64
		{9C183A39-ED98-47F5-8911-167FF1B3DA2E}.Debug|x64.Build.0 = Debug|x64
		{9C183A39-ED98-47F5-8911-167FF1B3DA2E}.Debug|x86.ActiveCfg = Debug|Win32
		{9C183A39-ED98-47F5-8911-167FF1B3DA2E}.Debug|x86.Build.0 = Debug|Win32
		{9C183A39-ED98-47F5-8911-167FF1B3DA2E}.Release|x64.ActiveCfg = Release|x64
		{9C183A39-ED98-47F5-8911-167FF1B3DA2E}.Release|x64.Build.0 = Release|x64
		{9C183A39-ED98-47F5-8911-167FF1B3DA2E}.Release|x86.ActiveCfg = Release|Win32
		{9C183A39-ED98-47F5-8911-167FF1B3DA2E}.Release|x86.Build.0 = Release|Win32
		{CD399DF1-1A53-4F87-835F-4478D5E938C2}.Debug|x64.ActiveCfg = Debug|x64
		{CD399DF1-1A53-4F87-835F-4478D5E938C2}.Debug|x64.Build.0 = Debug|x64
		{CD399DF1-1A53-4F87-835F-4478D5E938C2}.Debug|x86.ActiveCfg = Debug|Win32
		{CD399DF1-1A53-4F87-835F-4478D5E938C2}.Debug|x86.Build.0 = Debug|Win32
		{CD399DF1-1A53-4F87-835F-4478D5E938C2}.Release|x64.ActiveCfg = Release|x64
		{CD399DF1-1A53-4F87-835F-4478D5E938C2}.Release|x64.Build.0 = Release|x64
		{CD399DF1-1A53-4F87-835F-4478D5E938C2}.Release|x86.ActiveCfg = Release|Win32
		{CD399DF1-1A53-4F87-835F-4478D5E938C2}.Release|x86.Build.0 = Release|Win32
		{7C5BB05F-D6BC-45A5-AB18-483BA7B38AB9}.Debug|x64.ActiveCfg = Debug|x64
		{7C5BB05F-D6BC-45A5-AB18-483BA7B38AB9}.Debug|x64.Build.0 = Debug|x64
		{7C5BB05F-D6BC-45A5-AB18-483BA7B38AB9}.Debug|x86.ActiveCfg = Debug|Win32
		{7C5BB05F-D6BC-45A5-AB18-483BA7B38AB9}.Debug|x86.Build.0 = Debug|Win32
		{7C5BB05F-D6BC-45A5-AB18-483BA7B38AB9}.Release|x64.ActiveCfg = Release|x64
		{7C5BB05F-D6BC-45A5-AB18-483BA7B38AB9}.Release|x64.Build.0 = Release|x64
		{7C5BB05F-D6BC-45A5-AB18-483BA7B38AB9}.Release|x86.ActiveCfg = Release|Win32
		{7C5BB05F-D6BC-45A5-AB18-483BA7B38AB9}.Release|x86.Build.0 = Release|Win32
		{F29DE024-8CE4-4400-A8B1-73EE82C8A170}.Debug|x64.ActiveCfg = Debug|x64
		{F29DE024-8CE4-4400-A8B1-73EE82C8A170}.Debug|x64.Build.0 = Debug|x64
		{F29DE024-8CE4-4400-A8B1-73EE82C8A170}.Debug|x86.ActiveCfg = Debug|Win32
		{F29DE024-8CE4-4400-A8B1-73EE82C8A170}.Debug|x86.Build.0 = Debug|Win32
		{F29DE024-8CE4-4400-A8B1-73EE82C8A170}.Release|x64.ActiveCfg = Release|x64
		{F29DE024-8CE4-4400-A8B1-73EE82C8A170}.Release|x64.Build.0 = Release|x64
		{F29DE024-8CE4-4400-A8B1-73EE82C8A170}.Release|x86.ActiveCfg = Release|Win32
		{F29DE024-8CE4-4400-A8B1-73EE82C8A170}.Release|x86.Build.0 = Release|Win32
		{0A60B1F1-D463-4177-80E2-627483F2EB2C}.Debug|x64.ActiveCfg = Debug|x64
		{0A60B1F1-D463-4177-80E2-627483F2EB2C}.Debug|x64.Build.0 = Debug|x64
		{0A60B1F1-D463-4177-80E2-627483F2EB2C}.Debug|x86.ActiveCfg = Debug|Win32
		{0A60B1F1-D463-4177-80E2-627483F2EB2C}.Debug|x86.Build.0 = Debug|Win32
		{0A60B1F1-D463-4177-80E2-627483F2EB2C}.Release|x64.ActiveCfg = Release|x64
		{0A60B1F1-D463-4177-80E2-627483F2EB2C}.Release|x64.Build.0 = Release|x64
		{0A60B1F1-D463-4177-80E2-627483F2EB2C}.Release|x86.ActiveCfg = Release|Win32
		{0A60B1F1-D463-4177-80E2-627483F2EB2C}.Release|x86.Build.0 = Release|Win32
		{9B6B8B32-EFB0-46F6-B373-EFD48F3B8D74}.Debug|x64.ActiveCfg = Debug|x64
		{9B6B8B32-EFB0-46F6-B373-EFD48F3B8D74}.Debug|x64.Build.0 = Debug|x64
		{9B6B8B32-EFB0-46F6-B373-EFD48F3B8D74}.Debug|x86.ActiveCfg = Debug|Win32
		{9B6B8B32-EFB0-46F6-B373-EFD48F3B8D74}.Debug|x86.Build.0 = Debug|Win32
		{9B6B8B32-EFB0-46F6-B373-EFD48F3B8D74}.Release|x64.ActiveCfg = Release|x64
		{9B6B8B32-EFB0-46F6-B373-EFD48F3B8D74}.Release|x64.Build.0 = Release|x64
		{9B6B8B32-EFB0-46F6-B373-EFD48F3B8D74}.Release|x86.ActiveCfg = Release|Win32
		{9B6B8B32-EFB0-46F6-B373-EFD48F3B8D74}.Release|x86.Build.0 = Release|Win32
		{197B3452-34B6-4340-ADEE-357E3C55F1D9}.Debug|x64.ActiveCfg = Debug|x64
		{197B3452-34B6-4340-ADEE-357E3C55F1D9}.Debug|x64.Build.0 = Debug|x64
		{197B3452-34B6-4340-ADEE-357E3C55F1D9}.Debug|x86.ActiveCfg = Debug|Win32
		{197B3452-34B6-4340-ADEE-357E3C55F1D9}.Debug|x86.Build.0 = Debug|Win32
		{197B3452-34B6-4340-ADEE-357E3C55F1D9}.Release|x64.ActiveCfg = Release|x64
		{197B3452-34B6-4340-ADEE-357E3C55F1D9}.Release|x64.Build.0 = Release|x64
		{197B3452-34B6-4340-ADEE-357E3C55F1D9}.Release|x86.ActiveCfg = Release|Win32
		{197B3452-34B6-4340-ADEE-357E3C55F1D9}.Release|x86.Build.0 = Release|Win32
		{A0707B93-07AF-4461-AD6A-7F78937D3110}.Debug|x64.ActiveCfg = Debug|x64
		{A0707B93-07AF-4461-AD6A-7F78937D3110}.Debug|x64.Build.0 = Debug|x64
		{A0707B93-07AF-4461-AD6A-7F78937D3110}.Debug|x86.ActiveCfg = Debug|Win32
		{A0707B93-07AF-4461-AD6A-7F78937D3110}.Debug|x86.Build.0 = Debug|Win32
		{A0707B93-07AF-4461-AD6A-7F78937D3110}.Release|x64.ActiveCfg = Release|x64
		{A0707B93-07AF-4461-AD6A-7F78937D3110}.Release|x64.Build.0 = Release|x64
		{A0707B93-07AF-4461-AD6A-7F78937D3110}.Release|x86.ActiveCfg = Release|Win32
		{A0707B93-07AF-4461-AD6A-7F78937D3110}.Release|x86.Build.0 = Release|Win32
		{26762C07-3C42-49EA-82EC-178D21A1D318}.Debug|x64.ActiveCfg = Debug|x64
		{26762C07-3C42-49EA-82EC-178D21A1D318}.Debug|x64.Build.0 = Debug|x64
		{26762C07-3C42-49EA-82EC-178D21A1D318}.Debug|x86.ActiveCfg = Debug|Win32
		{26762C07-3C42-49EA-82EC-178D21A1D318}.Debug|x86.Build.0 = Debug|Win32
		{26762C07-3C42-49EA-82EC-178D21A1D318}.Release|x64.ActiveCfg = Release|x64
		{26762C07-3C42-49EA-82EC-178D21A1D318}.Release|x64.Build.0 = Release|x64
		{26762C07-3C42-49EA-82EC-178D21A1D318}.Release|x86.ActiveCfg = Release|Win32
		{26762C07-3C42-49EA-82EC-178D21A1D318}.Release|x86.Build.0 = Release|Win32
		{51CBB22A-071E-45F4-AF1C-4766C9F76EAE}.Debug|x64.ActiveCfg = Debug|x64
		{51CBB22A-071E-45F4-AF1C-4766C9F76EAE}.Debug|x64.Build.0 = Debug|x64
		{51CBB22A-071E-45F4-AF1C-4766C9F76EAE}.Debug|x86.ActiveCfg = Debug|Win32
		{51CBB22A-071E-45F4-AF1C-4766C9F76EAE}.Debug|x86.Build.0 = Debug|Win32
		{51CBB22A-071E-45F4-AF1C-4766C9F76EAE}.Release|x64.ActiveCfg = Release|x64
		{51CBB22A-071E-45F4-AF1C-4766C9F76EAE}.Release|x64.Build.0 = Release|x64
		{51CBB22A-071E-45F4-AF1C-4766C9F76EAE}.Release|x86.ActiveCfg = Release|Win32
		{51CBB22A-071E-45F4-AF1C-4766C9F76EAE}.Release|x86.Build.0 = Release|Win32
		{71B1F190-BAEE-49BF-85FC-EEF18FB3F562}.Debug|x64.ActiveCfg = Debug|x64
		{71B1F190-BAEE-49BF-85FC-EEF18FB3F562}.Debug|x64.Build.0 = Debug|x64
		{71B1F190-BAEE-49BF-85FC-EEF18FB3F562}.Debug|x86.ActiveCfg = Debug|Win32
		{71B1F190-BAEE-49BF-85FC-EEF18FB3F562}.Debug|x86.Build.0 = Debug|Win32
		{71B1F190-BAEE-49BF-85FC-EEF18FB3F562}.Release|x64.ActiveCfg = Release|x64
		{71B1F190-BAEE-49BF-85FC-EEF18FB3F562}.Release|x64.Build.0 = Release|x64
		{71B1F190-BAEE-49BF-85FC-EEF18FB3F562}.Release|x86.ActiveCfg = Release|Win32
		{71B1F190-BAEE-49BF-85FC-EEF18FB3F562}.Release|x86.Build.0 = Release|Win32
		{A6513492-6A3A-4756-9484-264433333C89}.Debug|x64.ActiveCfg = Debug|x64
		{A6513492-6A3A-4756-9484-264433333C89}.Debug|x64.Build.0 = Debug|x64
		{A6513492-6A3A-4756-9484-264433333C89}.Debug|x86.ActiveCfg = Debug|Win32
		{A6513492-6A3A-4756-9484-264433333C89}.Debug|x86.Build.0 = Debug|Win32
		{A6513492-6A3A-4756-9484-264433333C89}.Release|x64.ActiveCfg = Release|x64
		{A6513492-6A3A-4756-9484-264433333C89}.Release|x64.Build.0 = Release|x64
		{A6513492-6A3A-4756-9484-264433333C89}.Release|x86.ActiveCfg = Release|Win32
		{A6513492-6A3A-4756-9484-264433333C89}.Release|x86.Build.0 = Release|Win32
		{5650E843-8777-4EED-8CEA-17CEC34CC0DD}.Debug|x64.ActiveCfg = Debug|x64
		{5650E843-8777-4EED-8CEA-17CEC34CC0DD}.Debug|x64.Build.0 = Debug|x64
		{5650E843-8777-4EED-8CEA-17CEC34CC0DD}.Debug|x86.ActiveCfg = Debug|Win32
		{5650E843-8777-4EED-8CEA-17CEC34CC0DD}.Debug|x86.Build.0 = Debug|Win32
		{5650E843-8777-4EED-8CEA-17CEC34CC0DD}.Release|x64.ActiveCfg = Release|x64
		{5650E843-8777-4EED-8CEA-17CEC34CC0DD}.Release|x64.Build.0 = Release|x64
		{5650E843-8777-4EED-8CEA-17CEC34CC0DD}.Release|x86.ActiveCfg = Release|Win32
		{5650E843-8777-4EED-8CEA-17CEC34CC0DD}.Release|x86.Build.0 = Release|Win32
		{8CB8B97C-2F49-47E4-AB1F-EB841F23C95C}.Debug|x64.ActiveCfg = Debug|x64
		{8CB8B97C-2F49-47E4-AB1F-EB841F23C95C}.Debug|x64.Build.0 = Debug|x64
		{8CB8B97C-2F49-47E4-AB1F-EB841F23C95C}.Debug|x86.ActiveCfg = Debug|Win32
		{8CB8B97C-2F49-47E4-AB1F-EB841F23C95C}.Debug|x86.Build.0 = Debug|Win32
		{8CB8B97C-2F49-47E4-AB1F-EB841F23C95C}.Release|x64.ActiveCfg = Release|x64
		{8CB8B97C-2F49-47E4-AB1F-EB841F23C95C}.Release|x64.Build.0 = Release|x64
		{8CB8B97C-2F49-47E4-AB1F-EB841F23C95C}.Release|x86.ActiveCfg = Release|Win32
		{8CB8B97C-2F49-47E4-AB1F-EB841F23C95C}.Release|x86.Build.0 = Release|Win32
		{FF0F6ABE-A303-490A-AFF1-77E84DF2D401}.Debug|x64.ActiveCfg = Debug|x64
		{FF0F6ABE-A303-490A-AFF1-77E84DF2D401}.Debug|x64.Build.0 = Debug|x64
		{FF0F6ABE-A303-490A-AFF1-77E84DF2D401}.Debug|x86.ActiveCfg = Debug|Win32
		{FF0F6ABE-A303-490A-AFF1-77E84DF2D401}.Debug|x86.Build.0 = Debug|Win32
		{FF0F6ABE-A303-490A-AFF1-77E84DF2D401}.Release|x64.ActiveCfg = Release|x64
		{FF0F6ABE-A303-490A-AFF1-77E84DF2D401}.Release|x64.Build.0 = Release|x64
		{FF0F6ABE-A303-490A-AFF1-77E84DF2D401}.Release|x86.ActiveCfg = Release|Win32
		{FF0F6ABE-A303-490A-AFF1-77E84DF2D401}.Release|x86.Build.0 = Release|Win32
		{171167A6-0277-4A59-9FDE-2A0BE6B980B7}.Debug|x64.ActiveCfg = Debug|x64
		{171167A6-0277-4A59-9FDE-2A0BE6B980B7}.Debug|x64.Build.0 = Debug|x64
		{171167A6-0277-4A59-9FDE-2A0BE6B980B7}.Debug|x86.ActiveCfg = Debug|Win32
		{171167A6-0277-4A59-9FDE-2A0BE6B980B7}.Debug|x86.Build.0 = Debug|Win32
		{171167A6-0277-4A59-9FDE-2A0BE6B980B7}.Release|x64.ActiveCfg = Release|x64
		{171167A6-0277-4A59-9FDE-2A0BE6B980B7}.Release|x64.Build.0 = Release|x64
		{171167A6-0277-4A59-9FDE-2A0BE6B980B7}.Release|x86.ActiveCfg = Release|Win32
		{171167A6-0277-4A59-9FDE-2A0BE6B980B7}.Release|x86.Build.0 = Release|Win32
	EndGlobalSection
	GlobalSection(SolutionProperties) = preSolution
		HideSolutionNode = FALSE
	EndGlobalSection
	GlobalSection(ExtensibilityGlobals) = postSolution
		SolutionGuid = {1DC013C5-FC2A-496A-BBEC-D98BE180A6F2}
	EndGlobalSection
EndGlobal
